<?xml version="1.0" encoding="utf-8"?>
<Project ToolsVersion="4.0" xmlns="http://schemas.microsoft.com/developer/msbuild/2003">
  <ItemGroup>
    <ClCompile Include="stdafx.cpp">
      <Filter>源文件</Filter>
    </ClCompile>
    <ClCompile Include="canpaint.cpp">
      <Filter>源文件</Filter>
    </ClCompile>
    <ClCompile Include="canpaintDlg.cpp">
      <Filter>源文件</Filter>
    </ClCompile>
    <ClCompile Include="Paint.cpp">
      <Filter>源文件</Filter>
    </ClCompile>
    <ClCompile Include="Newline.cpp">
      <Filter>源文件</Filter>
    </ClCompile>
    <ClCompile Include="OpenCan.cpp">
      <Filter>源文件</Filter>
    </ClCompile>
    <ClCompile Include="SetFun.cpp">
      <Filter>源文件</Filter>
    </ClCompile>
  </ItemGroup>
  <ItemGroup>
    <ClInclude Include="canpaintDlg.h">
      <Filter>头文件</Filter>
    </ClInclude>
    <ClInclude Include="canpaint.h">
      <Filter>头文件</Filter>
    </ClInclude>
    <ClInclude Include="Paint.h">
      <Filter>头文件</Filter>
    </ClInclude>
    <ClInclude Include="Resource.h">
      <Filter>头文件</Filter>
    </ClInclude>
    <ClInclude Include="stdafx.h">
      <Filter>头文件</Filter>
    </ClInclude>
    <ClInclude Include="targetver.h">
      <Filter>头文件</Filter>
    </ClInclude>
    <ClInclude Include="Newline.h">
      <Filter>头文件</Filter>
    </ClInclude>
    <ClInclude Include="ControlCAN.h">
      <Filter>头文件</Filter>
    </ClInclude>
    <ClInclude Include="OpenCan.h">
      <Filter>头文件</Filter>
    </ClInclude>
    <ClInclude Include="SetFun.h">
      <Filter>头文件</Filter>
    </ClInclude>
  </ItemGroup>
  <ItemGroup>
    <None Include="ReadMe.txt" />
    <None Include="res\canpaint.ico">
      <Filter>资源文件</Filter>
    </None>
    <None Include="res\canpaint.rc2">
      <Filter>资源文件</Filter>
    </None>
  </ItemGroup>
  <ItemGroup>
    <Filter Include="资源文件">
      <UniqueIdentifier>{1c42ab23-3c58-43ff-908a-2510aab35b67}</UniqueIdentifier>
    </Filter>
    <Filter Include="头文件">
      <UniqueIdentifier>{b46b0198-fdac-4d2b-93be-a7455eb6f84d}</UniqueIdentifier>
    </Filter>
    <Filter Include="源文件">
      <UniqueIdentifier>{8462e9db-1416-4357-bb09-7b80300378fa}</UniqueIdentifier>
    </Filter>
  </ItemGroup>
  <ItemGroup>
    <ResourceCompile Include="canpaint.rc">
      <Filter>资源文件</Filter>
    </ResourceCompile>
  </ItemGroup>
  <ItemGroup>
    <Image Include="BACKGROUND.bmp">
      <Filter>资源文件</Filter>
    </Image>
  </ItemGroup>
  <ItemGroup>
    <Library Include="ControlCAN.lib" />
  </ItemGroup>
</Project>